
Microsoft Visual Studio Solution File, Format Version 12.00
# Visual Studio Version 16
VisualStudioVersion = 16.0.31019.35
MinimumVisualStudioVersion = 10.0.40219.1
Project("{151D2E53-A2C4-4D7D-83FE-D05416EBD58E}") = "ARMTemplateDeployment", "ARMTemplateDeployment\ARMTemplateDeployment.deployproj", "{12619B54-29AF-4408-B52E-E4832CF255F6}"
EndProject
Project("{FAE04EC0-301F-11D3-BF4B-00C04F79EFBC}") = "WebApp", "WebApp\WebApp.csproj", "{17435586-0678-41B3-B4CA-1F3447E5ECA3}"
EndProject
Global
	GlobalSection(SolutionConfigurationPlatforms) = preSolution
		Debug|Any CPU = Debug|Any CPU
		Release|Any CPU = Release|Any CPU
	EndGlobalSection
	GlobalSection(ProjectConfigurationPlatforms) = postSolution
		{12619B54-29AF-4408-B52E-E4832CF255F6}.Debug|Any CPU.ActiveCfg = Debug|Any CPU
		{12619B54-29AF-4408-B52E-E4832CF255F6}.Debug|Any CPU.Build.0 = Debug|Any CPU
		{12619B54-29AF-4408-B52E-E4832CF255F6}.Release|Any CPU.ActiveCfg = Release|Any CPU
		{12619B54-29AF-4408-B52E-E4832CF255F6}.Release|Any CPU.Build.0 = Release|Any CPU
		{17435586-0678-41B3-B4CA-1F3447E5ECA3}.Debug|Any CPU.ActiveCfg = Debug|Any CPU
		{17435586-0678-41B3-B4CA-1F3447E5ECA3}.Debug|Any CPU.Build.0 = Debug|Any CPU
		{17435586-0678-41B3-B4CA-1F3447E5ECA3}.Release|Any CPU.ActiveCfg = Release|Any CPU
		{17435586-0678-41B3-B4CA-1F3447E5ECA3}.Release|Any CPU.Build.0 = Release|Any CPU
	EndGlobalSection
	GlobalSection(SolutionProperties) = preSolution
		HideSolutionNode = FALSE
	EndGlobalSection
	GlobalSection(ExtensibilityGlobals) = postSolution
		SolutionGuid = {D20DC58B-91E3-4285-9C12-A9068F719DC6}
	EndGlobalSection
EndGlobal
